
Microsoft Visual Studio Solution File, Format Version 12.00
# Visual Studio 14
VisualStudioVersion = 14.0.23107.0
MinimumVisualStudioVersion = 10.0.40219.1
Project("{FAE04EC0-301F-11D3-BF4B-00C04F79EFBC}") = "Testing", "Testing\Testing.csproj", "{D9DC0CEA-CAD1-4605-A49E-699DC2480849}"
EndProject
Project("{2150E333-8FDC-42A3-9474-1A3956D46DE8}") = "User", "User", "{163F9C2E-D4E0-4665-BFC0-AA7BE76FFCE9}"
EndProject
Project("{FAE04EC0-301F-11D3-BF4B-00C04F79EFBC}") = "VL.User.Service", "VL.User.Service\VL.User.Service.csproj", "{A4A080F6-FC5A-4717-BC9A-BC8D31070FB8}"
EndProject
Project("{FAE04EC0-301F-11D3-BF4B-00C04F79EFBC}") = "Additions", "Additions\Additions.csproj", "{74DFADE1-94E0-43B4-ADB5-61A790DB6D43}"
EndProject
Project("{FAE04EC0-301F-11D3-BF4B-00C04F79EFBC}") = "VL.User.Objects", "VL.User.Objects\VL.User.Objects.csproj", "{B25101BF-C6B8-4F49-A7EB-B08AF01B1FBC}"
EndProject
Project("{FAE04EC0-301F-11D3-BF4B-00C04F79EFBC}") = "TestingPublish", "TestingPublish\TestingPublish.csproj", "{6D661B18-986F-4BC8-A73C-3824EE76C9E0}"
EndProject
Project("{2150E333-8FDC-42A3-9474-1A3956D46DE8}") = "MSAlgorithm", "MSAlgorithm", "{202D647D-E08A-4DD1-8991-F22E97977BDD}"
EndProject
Project("{FAE04EC0-301F-11D3-BF4B-00C04F79EFBC}") = "MSAlgorithm.Objects", "MSAlgorithm.Objects\MSAlgorithm.Objects.csproj", "{927C33BE-214F-414A-97A3-F37360F0DFA5}"
EndProject
Project("{FAE04EC0-301F-11D3-BF4B-00C04F79EFBC}") = "MSAlgorithm.Service", "MSAlgorithm.Service\MSAlgorithm.Service.csproj", "{4D02DA7C-8384-415D-9C54-FB71EED8C69C}"
EndProject
Global
	GlobalSection(SolutionConfigurationPlatforms) = preSolution
		Debug|Any CPU = Debug|Any CPU
		Release|Any CPU = Release|Any CPU
	EndGlobalSection
	GlobalSection(ProjectConfigurationPlatforms) = postSolution
		{D9DC0CEA-CAD1-4605-A49E-699DC2480849}.Debug|Any CPU.ActiveCfg = Debug|Any CPU
		{D9DC0CEA-CAD1-4605-A49E-699DC2480849}.Debug|Any CPU.Build.0 = Debug|Any CPU
		{D9DC0CEA-CAD1-4605-A49E-699DC2480849}.Release|Any CPU.ActiveCfg = Release|Any CPU
		{D9DC0CEA-CAD1-4605-A49E-699DC2480849}.Release|Any CPU.Build.0 = Release|Any CPU
		{A4A080F6-FC5A-4717-BC9A-BC8D31070FB8}.Debug|Any CPU.ActiveCfg = Debug|Any CPU
		{A4A080F6-FC5A-4717-BC9A-BC8D31070FB8}.Debug|Any CPU.Build.0 = Debug|Any CPU
		{A4A080F6-FC5A-4717-BC9A-BC8D31070FB8}.Release|Any CPU.ActiveCfg = Release|Any CPU
		{A4A080F6-FC5A-4717-BC9A-BC8D31070FB8}.Release|Any CPU.Build.0 = Release|Any CPU
		{74DFADE1-94E0-43B4-ADB5-61A790DB6D43}.Debug|Any CPU.ActiveCfg = Debug|Any CPU
		{74DFADE1-94E0-43B4-ADB5-61A790DB6D43}.Debug|Any CPU.Build.0 = Debug|Any CPU
		{74DFADE1-94E0-43B4-ADB5-61A790DB6D43}.Release|Any CPU.ActiveCfg = Release|Any CPU
		{74DFADE1-94E0-43B4-ADB5-61A790DB6D43}.Release|Any CPU.Build.0 = Release|Any CPU
		{B25101BF-C6B8-4F49-A7EB-B08AF01B1FBC}.Debug|Any CPU.ActiveCfg = Debug|Any CPU
		{B25101BF-C6B8-4F49-A7EB-B08AF01B1FBC}.Debug|Any CPU.Build.0 = Debug|Any CPU
		{B25101BF-C6B8-4F49-A7EB-B08AF01B1FBC}.Release|Any CPU.ActiveCfg = Release|Any CPU
		{B25101BF-C6B8-4F49-A7EB-B08AF01B1FBC}.Release|Any CPU.Build.0 = Release|Any CPU
		{6D661B18-986F-4BC8-A73C-3824EE76C9E0}.Debug|Any CPU.ActiveCfg = Debug|Any CPU
		{6D661B18-986F-4BC8-A73C-3824EE76C9E0}.Debug|Any CPU.Build.0 = Debug|Any CPU
		{6D661B18-986F-4BC8-A73C-3824EE76C9E0}.Release|Any CPU.ActiveCfg = Release|Any CPU
		{6D661B18-986F-4BC8-A73C-3824EE76C9E0}.Release|Any CPU.Build.0 = Release|Any CPU
		{927C33BE-214F-414A-97A3-F37360F0DFA5}.Debug|Any CPU.ActiveCfg = Debug|Any CPU
		{927C33BE-214F-414A-97A3-F37360F0DFA5}.Debug|Any CPU.Build.0 = Debug|Any CPU
		{927C33BE-214F-414A-97A3-F37360F0DFA5}.Release|Any CPU.ActiveCfg = Release|Any CPU
		{927C33BE-214F-414A-97A3-F37360F0DFA5}.Release|Any CPU.Build.0 = Release|Any CPU
		{4D02DA7C-8384-415D-9C54-FB71EED8C69C}.Debug|Any CPU.ActiveCfg = Debug|Any CPU
		{4D02DA7C-8384-415D-9C54-FB71EED8C69C}.Debug|Any CPU.Build.0 = Debug|Any CPU
		{4D02DA7C-8384-415D-9C54-FB71EED8C69C}.Release|Any CPU.ActiveCfg = Release|Any CPU
		{4D02DA7C-8384-415D-9C54-FB71EED8C69C}.Release|Any CPU.Build.0 = Release|Any CPU
	EndGlobalSection
	GlobalSection(SolutionProperties) = preSolution
		HideSolutionNode = FALSE
	EndGlobalSection
	GlobalSection(NestedProjects) = preSolution
		{A4A080F6-FC5A-4717-BC9A-BC8D31070FB8} = {163F9C2E-D4E0-4665-BFC0-AA7BE76FFCE9}
		{B25101BF-C6B8-4F49-A7EB-B08AF01B1FBC} = {163F9C2E-D4E0-4665-BFC0-AA7BE76FFCE9}
		{927C33BE-214F-414A-97A3-F37360F0DFA5} = {202D647D-E08A-4DD1-8991-F22E97977BDD}
		{4D02DA7C-8384-415D-9C54-FB71EED8C69C} = {202D647D-E08A-4DD1-8991-F22E97977BDD}
	EndGlobalSection
EndGlobal
