
Microsoft Visual Studio Solution File, Format Version 12.00
# Visual Studio 14
VisualStudioVersion = 14.0.25420.1
MinimumVisualStudioVersion = 10.0.40219.1
Project("{FAE04EC0-301F-11D3-BF4B-00C04F79EFBC}") = "Testing", "Testing\Testing.csproj", "{D9DC0CEA-CAD1-4605-A49E-699DC2480849}"
EndProject
Project("{2150E333-8FDC-42A3-9474-1A3956D46DE8}") = "VL.User", "VL.User", "{163F9C2E-D4E0-4665-BFC0-AA7BE76FFCE9}"
EndProject
Project("{FAE04EC0-301F-11D3-BF4B-00C04F79EFBC}") = "VL.User.Service", "VL.User.Service\VL.User.Service.csproj", "{A4A080F6-FC5A-4717-BC9A-BC8D31070FB8}"
EndProject
Project("{FAE04EC0-301F-11D3-BF4B-00C04F79EFBC}") = "Additions", "Additions\Additions.csproj", "{74DFADE1-94E0-43B4-ADB5-61A790DB6D43}"
EndProject
Project("{FAE04EC0-301F-11D3-BF4B-00C04F79EFBC}") = "VL.User.Objects", "VL.User.Objects\VL.User.Objects.csproj", "{B25101BF-C6B8-4F49-A7EB-B08AF01B1FBC}"
EndProject
Project("{FAE04EC0-301F-11D3-BF4B-00C04F79EFBC}") = "TestingPublish", "TestingPublish\TestingPublish.csproj", "{6D661B18-986F-4BC8-A73C-3824EE76C9E0}"
EndProject
Project("{2150E333-8FDC-42A3-9474-1A3956D46DE8}") = "VL.MSAlgorithm", "VL.MSAlgorithm", "{202D647D-E08A-4DD1-8991-F22E97977BDD}"
EndProject
Project("{FAE04EC0-301F-11D3-BF4B-00C04F79EFBC}") = "MSAlgorithm.Objects", "MSAlgorithm.Objects\MSAlgorithm.Objects.csproj", "{927C33BE-214F-414A-97A3-F37360F0DFA5}"
EndProject
Project("{FAE04EC0-301F-11D3-BF4B-00C04F79EFBC}") = "MSAlgorithm.Service", "MSAlgorithm.Service\MSAlgorithm.Service.csproj", "{4D02DA7C-8384-415D-9C54-FB71EED8C69C}"
EndProject
Project("{FAE04EC0-301F-11D3-BF4B-00C04F79EFBC}") = "Sample", "Sample\Sample.csproj", "{0594697C-22A0-4B1E-8D2F-01090DBF7BEF}"
EndProject
Project("{2150E333-8FDC-42A3-9474-1A3956D46DE8}") = "VL.LostInJungle", "VL.LostInJungle", "{023012B8-D81C-4462-ADFA-2521F758EFE6}"
EndProject
Project("{FAE04EC0-301F-11D3-BF4B-00C04F79EFBC}") = "VL.LostInJungle.Objects", "VL.LostInJungle.Objects\VL.LostInJungle.Objects.csproj", "{DE0E47D6-4F86-4D13-BCFA-0E2BC60D3611}"
EndProject
Project("{FAE04EC0-301F-11D3-BF4B-00C04F79EFBC}") = "VL.LostInJungle.Runner_Console", "VL.LostInJungle.Runner_Console\VL.LostInJungle.Runner_Console.csproj", "{17438199-3B1D-4AE7-AF25-6E7F6B505969}"
EndProject
Project("{2150E333-8FDC-42A3-9474-1A3956D46DE8}") = "VL.Space", "VL.Space", "{B9FFBA36-ED4B-47B7-AF01-A883BD825595}"
EndProject
Project("{2150E333-8FDC-42A3-9474-1A3956D46DE8}") = "VL.Spider", "VL.Spider", "{5C1B331F-86C8-466A-B185-63A24B379ACF}"
EndProject
Project("{FAE04EC0-301F-11D3-BF4B-00C04F79EFBC}") = "VL.Spider.Objects", "VL.Spider.Objects\VL.Spider.Objects.csproj", "{AB6E86C2-0D7B-414F-9EAC-A76D64228139}"
EndProject
Project("{FAE04EC0-301F-11D3-BF4B-00C04F79EFBC}") = "VL.Spider.Manipulator", "VL.Spider.Manipulator\VL.Spider.Manipulator.csproj", "{13F71802-F422-40FC-9F0E-110A63E0C2B1}"
EndProject
Project("{FAE04EC0-301F-11D3-BF4B-00C04F79EFBC}") = "ConsoleTest", "ConsoleTest\ConsoleTest.csproj", "{F9CC4900-85E9-46CD-8884-7D260739051B}"
EndProject
Project("{2150E333-8FDC-42A3-9474-1A3956D46DE8}") = "VL.ItsMe", "VL.ItsMe", "{5E507B1A-9D0B-43B2-BCC6-BA8F8D8985BB}"
EndProject
Project("{FAE04EC0-301F-11D3-BF4B-00C04F79EFBC}") = "VL.ItsMe", "VL.ItsMe1\VL.ItsMe.csproj", "{5DE66867-55B1-404D-9B91-16094CB4D125}"
EndProject
Project("{2150E333-8FDC-42A3-9474-1A3956D46DE8}") = "VL.Facade", "VL.Facade", "{31DBBF7D-6DE6-4305-9C03-EFE451F16B1F}"
EndProject
Project("{FAE04EC0-301F-11D3-BF4B-00C04F79EFBC}") = "VL.Facade", "VL.Facade\VL.Facade.csproj", "{05706F64-2633-4228-80B1-0E1A97BD6CA1}"
EndProject
Project("{FAE04EC0-301F-11D3-BF4B-00C04F79EFBC}") = "VL.Facade1", "VL.Facade1\VL.Facade1.csproj", "{3335D111-6210-4F8D-B6AA-CB375E206356}"
EndProject
Project("{2150E333-8FDC-42A3-9474-1A3956D46DE8}") = "VL.Console", "VL.Console", "{E2BD0EEB-23CD-47B2-9113-1F0E21193156}"
EndProject
Project("{FAE04EC0-301F-11D3-BF4B-00C04F79EFBC}") = "VL.ItsMe1107", "VL.ItsMe1107\VL.ItsMe1107.csproj", "{422FCDC4-04AD-4F42-85AF-68418F949E66}"
EndProject
Project("{FAE04EC0-301F-11D3-BF4B-00C04F79EFBC}") = "VL.ItsMe1110", "C:\Users\dcw027\Documents\Visual Studio 2015\Projects\VL.ItsMe1110\VL.ItsMe1110\VL.ItsMe1110.csproj", "{0725EF55-E655-4112-8D87-189E912DE73B}"
EndProject
Global
	GlobalSection(SolutionConfigurationPlatforms) = preSolution
		Debug|Any CPU = Debug|Any CPU
		Release|Any CPU = Release|Any CPU
	EndGlobalSection
	GlobalSection(ProjectConfigurationPlatforms) = postSolution
		{D9DC0CEA-CAD1-4605-A49E-699DC2480849}.Debug|Any CPU.ActiveCfg = Debug|Any CPU
		{D9DC0CEA-CAD1-4605-A49E-699DC2480849}.Debug|Any CPU.Build.0 = Debug|Any CPU
		{D9DC0CEA-CAD1-4605-A49E-699DC2480849}.Release|Any CPU.ActiveCfg = Release|Any CPU
		{D9DC0CEA-CAD1-4605-A49E-699DC2480849}.Release|Any CPU.Build.0 = Release|Any CPU
		{A4A080F6-FC5A-4717-BC9A-BC8D31070FB8}.Debug|Any CPU.ActiveCfg = Debug|Any CPU
		{A4A080F6-FC5A-4717-BC9A-BC8D31070FB8}.Debug|Any CPU.Build.0 = Debug|Any CPU
		{A4A080F6-FC5A-4717-BC9A-BC8D31070FB8}.Release|Any CPU.ActiveCfg = Release|Any CPU
		{A4A080F6-FC5A-4717-BC9A-BC8D31070FB8}.Release|Any CPU.Build.0 = Release|Any CPU
		{74DFADE1-94E0-43B4-ADB5-61A790DB6D43}.Debug|Any CPU.ActiveCfg = Debug|Any CPU
		{74DFADE1-94E0-43B4-ADB5-61A790DB6D43}.Debug|Any CPU.Build.0 = Debug|Any CPU
		{74DFADE1-94E0-43B4-ADB5-61A790DB6D43}.Release|Any CPU.ActiveCfg = Release|Any CPU
		{74DFADE1-94E0-43B4-ADB5-61A790DB6D43}.Release|Any CPU.Build.0 = Release|Any CPU
		{B25101BF-C6B8-4F49-A7EB-B08AF01B1FBC}.Debug|Any CPU.ActiveCfg = Debug|Any CPU
		{B25101BF-C6B8-4F49-A7EB-B08AF01B1FBC}.Debug|Any CPU.Build.0 = Debug|Any CPU
		{B25101BF-C6B8-4F49-A7EB-B08AF01B1FBC}.Release|Any CPU.ActiveCfg = Release|Any CPU
		{B25101BF-C6B8-4F49-A7EB-B08AF01B1FBC}.Release|Any CPU.Build.0 = Release|Any CPU
		{6D661B18-986F-4BC8-A73C-3824EE76C9E0}.Debug|Any CPU.ActiveCfg = Debug|Any CPU
		{6D661B18-986F-4BC8-A73C-3824EE76C9E0}.Debug|Any CPU.Build.0 = Debug|Any CPU
		{6D661B18-986F-4BC8-A73C-3824EE76C9E0}.Release|Any CPU.ActiveCfg = Release|Any CPU
		{6D661B18-986F-4BC8-A73C-3824EE76C9E0}.Release|Any CPU.Build.0 = Release|Any CPU
		{927C33BE-214F-414A-97A3-F37360F0DFA5}.Debug|Any CPU.ActiveCfg = Debug|Any CPU
		{927C33BE-214F-414A-97A3-F37360F0DFA5}.Debug|Any CPU.Build.0 = Debug|Any CPU
		{927C33BE-214F-414A-97A3-F37360F0DFA5}.Release|Any CPU.ActiveCfg = Release|Any CPU
		{927C33BE-214F-414A-97A3-F37360F0DFA5}.Release|Any CPU.Build.0 = Release|Any CPU
		{4D02DA7C-8384-415D-9C54-FB71EED8C69C}.Debug|Any CPU.ActiveCfg = Debug|Any CPU
		{4D02DA7C-8384-415D-9C54-FB71EED8C69C}.Debug|Any CPU.Build.0 = Debug|Any CPU
		{4D02DA7C-8384-415D-9C54-FB71EED8C69C}.Release|Any CPU.ActiveCfg = Release|Any CPU
		{4D02DA7C-8384-415D-9C54-FB71EED8C69C}.Release|Any CPU.Build.0 = Release|Any CPU
		{0594697C-22A0-4B1E-8D2F-01090DBF7BEF}.Debug|Any CPU.ActiveCfg = Debug|Any CPU
		{0594697C-22A0-4B1E-8D2F-01090DBF7BEF}.Debug|Any CPU.Build.0 = Debug|Any CPU
		{0594697C-22A0-4B1E-8D2F-01090DBF7BEF}.Release|Any CPU.ActiveCfg = Release|Any CPU
		{0594697C-22A0-4B1E-8D2F-01090DBF7BEF}.Release|Any CPU.Build.0 = Release|Any CPU
		{DE0E47D6-4F86-4D13-BCFA-0E2BC60D3611}.Debug|Any CPU.ActiveCfg = Debug|Any CPU
		{DE0E47D6-4F86-4D13-BCFA-0E2BC60D3611}.Debug|Any CPU.Build.0 = Debug|Any CPU
		{DE0E47D6-4F86-4D13-BCFA-0E2BC60D3611}.Release|Any CPU.ActiveCfg = Release|Any CPU
		{DE0E47D6-4F86-4D13-BCFA-0E2BC60D3611}.Release|Any CPU.Build.0 = Release|Any CPU
		{17438199-3B1D-4AE7-AF25-6E7F6B505969}.Debug|Any CPU.ActiveCfg = Debug|Any CPU
		{17438199-3B1D-4AE7-AF25-6E7F6B505969}.Debug|Any CPU.Build.0 = Debug|Any CPU
		{17438199-3B1D-4AE7-AF25-6E7F6B505969}.Release|Any CPU.ActiveCfg = Release|Any CPU
		{17438199-3B1D-4AE7-AF25-6E7F6B505969}.Release|Any CPU.Build.0 = Release|Any CPU
		{AB6E86C2-0D7B-414F-9EAC-A76D64228139}.Debug|Any CPU.ActiveCfg = Debug|Any CPU
		{AB6E86C2-0D7B-414F-9EAC-A76D64228139}.Debug|Any CPU.Build.0 = Debug|Any CPU
		{AB6E86C2-0D7B-414F-9EAC-A76D64228139}.Release|Any CPU.ActiveCfg = Release|Any CPU
		{AB6E86C2-0D7B-414F-9EAC-A76D64228139}.Release|Any CPU.Build.0 = Release|Any CPU
		{13F71802-F422-40FC-9F0E-110A63E0C2B1}.Debug|Any CPU.ActiveCfg = Debug|Any CPU
		{13F71802-F422-40FC-9F0E-110A63E0C2B1}.Debug|Any CPU.Build.0 = Debug|Any CPU
		{13F71802-F422-40FC-9F0E-110A63E0C2B1}.Release|Any CPU.ActiveCfg = Release|Any CPU
		{13F71802-F422-40FC-9F0E-110A63E0C2B1}.Release|Any CPU.Build.0 = Release|Any CPU
		{F9CC4900-85E9-46CD-8884-7D260739051B}.Debug|Any CPU.ActiveCfg = Debug|Any CPU
		{F9CC4900-85E9-46CD-8884-7D260739051B}.Debug|Any CPU.Build.0 = Debug|Any CPU
		{F9CC4900-85E9-46CD-8884-7D260739051B}.Release|Any CPU.ActiveCfg = Release|Any CPU
		{F9CC4900-85E9-46CD-8884-7D260739051B}.Release|Any CPU.Build.0 = Release|Any CPU
		{5DE66867-55B1-404D-9B91-16094CB4D125}.Debug|Any CPU.ActiveCfg = Debug|Any CPU
		{5DE66867-55B1-404D-9B91-16094CB4D125}.Debug|Any CPU.Build.0 = Debug|Any CPU
		{5DE66867-55B1-404D-9B91-16094CB4D125}.Release|Any CPU.ActiveCfg = Release|Any CPU
		{5DE66867-55B1-404D-9B91-16094CB4D125}.Release|Any CPU.Build.0 = Release|Any CPU
		{05706F64-2633-4228-80B1-0E1A97BD6CA1}.Debug|Any CPU.ActiveCfg = Debug|Any CPU
		{05706F64-2633-4228-80B1-0E1A97BD6CA1}.Debug|Any CPU.Build.0 = Debug|Any CPU
		{05706F64-2633-4228-80B1-0E1A97BD6CA1}.Release|Any CPU.ActiveCfg = Release|Any CPU
		{05706F64-2633-4228-80B1-0E1A97BD6CA1}.Release|Any CPU.Build.0 = Release|Any CPU
		{3335D111-6210-4F8D-B6AA-CB375E206356}.Debug|Any CPU.ActiveCfg = Debug|Any CPU
		{3335D111-6210-4F8D-B6AA-CB375E206356}.Debug|Any CPU.Build.0 = Debug|Any CPU
		{3335D111-6210-4F8D-B6AA-CB375E206356}.Release|Any CPU.ActiveCfg = Release|Any CPU
		{3335D111-6210-4F8D-B6AA-CB375E206356}.Release|Any CPU.Build.0 = Release|Any CPU
		{422FCDC4-04AD-4F42-85AF-68418F949E66}.Debug|Any CPU.ActiveCfg = Debug|Any CPU
		{422FCDC4-04AD-4F42-85AF-68418F949E66}.Debug|Any CPU.Build.0 = Debug|Any CPU
		{422FCDC4-04AD-4F42-85AF-68418F949E66}.Release|Any CPU.ActiveCfg = Release|Any CPU
		{422FCDC4-04AD-4F42-85AF-68418F949E66}.Release|Any CPU.Build.0 = Release|Any CPU
		{0725EF55-E655-4112-8D87-189E912DE73B}.Debug|Any CPU.ActiveCfg = Debug|Any CPU
		{0725EF55-E655-4112-8D87-189E912DE73B}.Debug|Any CPU.Build.0 = Debug|Any CPU
		{0725EF55-E655-4112-8D87-189E912DE73B}.Release|Any CPU.ActiveCfg = Release|Any CPU
		{0725EF55-E655-4112-8D87-189E912DE73B}.Release|Any CPU.Build.0 = Release|Any CPU
	EndGlobalSection
	GlobalSection(SolutionProperties) = preSolution
		HideSolutionNode = FALSE
	EndGlobalSection
	GlobalSection(NestedProjects) = preSolution
		{A4A080F6-FC5A-4717-BC9A-BC8D31070FB8} = {163F9C2E-D4E0-4665-BFC0-AA7BE76FFCE9}
		{B25101BF-C6B8-4F49-A7EB-B08AF01B1FBC} = {163F9C2E-D4E0-4665-BFC0-AA7BE76FFCE9}
		{927C33BE-214F-414A-97A3-F37360F0DFA5} = {202D647D-E08A-4DD1-8991-F22E97977BDD}
		{4D02DA7C-8384-415D-9C54-FB71EED8C69C} = {202D647D-E08A-4DD1-8991-F22E97977BDD}
		{DE0E47D6-4F86-4D13-BCFA-0E2BC60D3611} = {023012B8-D81C-4462-ADFA-2521F758EFE6}
		{17438199-3B1D-4AE7-AF25-6E7F6B505969} = {023012B8-D81C-4462-ADFA-2521F758EFE6}
		{AB6E86C2-0D7B-414F-9EAC-A76D64228139} = {5C1B331F-86C8-466A-B185-63A24B379ACF}
		{13F71802-F422-40FC-9F0E-110A63E0C2B1} = {5C1B331F-86C8-466A-B185-63A24B379ACF}
		{5DE66867-55B1-404D-9B91-16094CB4D125} = {5E507B1A-9D0B-43B2-BCC6-BA8F8D8985BB}
		{05706F64-2633-4228-80B1-0E1A97BD6CA1} = {31DBBF7D-6DE6-4305-9C03-EFE451F16B1F}
		{3335D111-6210-4F8D-B6AA-CB375E206356} = {31DBBF7D-6DE6-4305-9C03-EFE451F16B1F}
		{422FCDC4-04AD-4F42-85AF-68418F949E66} = {5E507B1A-9D0B-43B2-BCC6-BA8F8D8985BB}
		{0725EF55-E655-4112-8D87-189E912DE73B} = {5E507B1A-9D0B-43B2-BCC6-BA8F8D8985BB}
	EndGlobalSection
EndGlobal
